
Microsoft Visual Studio Solution File, Format Version 12.00
# Visual Studio Version 17
VisualStudioVersion = 17.12.35707.178
MinimumVisualStudioVersion = 10.0.40219.1
Project("{8BC9CEB8-8B4A-11D0-8D11-00A0C91BC942}") = "CS-210 Project 2", "CS-210 Project 2.vcxproj", "{31AE42EF-E13D-44C3-BDAD-2CE9189FDDC6}"
EndProject
Project("{2150E333-8FDC-42A3-9474-1A3956D46DE8}") = "Solution Items", "Solution Items", "{17984A22-10E5-439F-8812-4C85F2A1D450}"
EndProject
Global
	GlobalSection(SolutionConfigurationPlatforms) = preSolution
		Debug|x64 = Debug|x64
		Debug|x86 = Debug|x86
		Release|x64 = Release|x64
		Release|x86 = Release|x86
	EndGlobalSection
	GlobalSection(ProjectConfigurationPlatforms) = postSolution
		{31AE42EF-E13D-44C3-BDAD-2CE9189FDDC6}.Debug|x64.ActiveCfg = Debug|x64
		{31AE42EF-E13D-44C3-BDAD-2CE9189FDDC6}.Debug|x64.Build.0 = Debug|x64
		{31AE42EF-E13D-44C3-BDAD-2CE9189FDDC6}.Debug|x86.ActiveCfg = Debug|Win32
		{31AE42EF-E13D-44C3-BDAD-2CE9189FDDC6}.Debug|x86.Build.0 = Debug|Win32
		{31AE42EF-E13D-44C3-BDAD-2CE9189FDDC6}.Release|x64.ActiveCfg = Release|x64
		{31AE42EF-E13D-44C3-BDAD-2CE9189FDDC6}.Release|x64.Build.0 = Release|x64
		{31AE42EF-E13D-44C3-BDAD-2CE9189FDDC6}.Release|x86.ActiveCfg = Release|Win32
		{31AE42EF-E13D-44C3-BDAD-2CE9189FDDC6}.Release|x86.Build.0 = Release|Win32
	EndGlobalSection
	GlobalSection(SolutionProperties) = preSolution
		HideSolutionNode = FALSE
	EndGlobalSection
EndGlobal
